
Microsoft Visual Studio Solution File, Format Version 12.00
# Visual Studio Version 16
VisualStudioVersion = 16.0.30611.23
MinimumVisualStudioVersion = 10.0.40219.1
Project("{FAE04EC0-301F-11D3-BF4B-00C04F79EFBC}") = "Lab4_", "Lab4_\Lab4_.csproj", "{01DCF73D-C01B-4777-A366-931CD79F0B16}"
EndProject
Global
	GlobalSection(SolutionConfigurationPlatforms) = preSolution
		Debug|Any CPU = Debug|Any CPU
		Release|Any CPU = Release|Any CPU
	EndGlobalSection
	GlobalSection(ProjectConfigurationPlatforms) = postSolution
		{01DCF73D-C01B-4777-A366-931CD79F0B16}.Debug|Any CPU.ActiveCfg = Debug|Any CPU
		{01DCF73D-C01B-4777-A366-931CD79F0B16}.Debug|Any CPU.Build.0 = Debug|Any CPU
		{01DCF73D-C01B-4777-A366-931CD79F0B16}.Release|Any CPU.ActiveCfg = Release|Any CPU
		{01DCF73D-C01B-4777-A366-931CD79F0B16}.Release|Any CPU.Build.0 = Release|Any CPU
	EndGlobalSection
	GlobalSection(SolutionProperties) = preSolution
		HideSolutionNode = FALSE
	EndGlobalSection
	GlobalSection(ExtensibilityGlobals) = postSolution
		SolutionGuid = {FE36B09A-1A8B-4EBA-A921-A734828C7D18}
	EndGlobalSection
EndGlobal
